
Microsoft Visual Studio Solution File, Format Version 12.00
# Visual Studio 2012
Project("{FAE04EC0-301F-11D3-BF4B-00C04F79EFBC}") = "Geocoding", "Geocoding\Geocoding.csproj", "{641EE45B-48BB-49E4-AB28-026705BCB346}"
EndProject
Project("{FAE04EC0-301F-11D3-BF4B-00C04F79EFBC}") = "CSV_Plugin", "CSV_Plugin\CSV_Plugin.csproj", "{845E2685-E9AB-4179-823B-110320A7BF21}"
EndProject
Project("{FAE04EC0-301F-11D3-BF4B-00C04F79EFBC}") = "Shape_Plugin", "Shape_Plugin\Shape_Plugin.csproj", "{F697A1C7-F287-4FA8-86DC-DA61380A71C9}"
EndProject
Global
	GlobalSection(SolutionConfigurationPlatforms) = preSolution
		Debug|Any CPU = Debug|Any CPU
		Release|Any CPU = Release|Any CPU
	EndGlobalSection
	GlobalSection(ProjectConfigurationPlatforms) = postSolution
		{641EE45B-48BB-49E4-AB28-026705BCB346}.Debug|Any CPU.ActiveCfg = Debug|Any CPU
		{641EE45B-48BB-49E4-AB28-026705BCB346}.Debug|Any CPU.Build.0 = Debug|Any CPU
		{641EE45B-48BB-49E4-AB28-026705BCB346}.Release|Any CPU.ActiveCfg = Release|Any CPU
		{641EE45B-48BB-49E4-AB28-026705BCB346}.Release|Any CPU.Build.0 = Release|Any CPU
		{845E2685-E9AB-4179-823B-110320A7BF21}.Debug|Any CPU.ActiveCfg = Debug|Any CPU
		{845E2685-E9AB-4179-823B-110320A7BF21}.Debug|Any CPU.Build.0 = Debug|Any CPU
		{845E2685-E9AB-4179-823B-110320A7BF21}.Release|Any CPU.ActiveCfg = Release|Any CPU
		{845E2685-E9AB-4179-823B-110320A7BF21}.Release|Any CPU.Build.0 = Release|Any CPU
	EndGlobalSection
	GlobalSection(SolutionProperties) = preSolution
		HideSolutionNode = FALSE
	EndGlobalSection
EndGlobal
